<?xml version="1.0" encoding="UTF-8" standalone="yes" ?>
<CodeBlocks_project_file>
	<FileVersion major="1" minor="6" />
	<Project>
		<Option title="projectna2" />
		<Option pch_mode="2" />
		<Option compiler="gcc" />
		<Build>
			<Target title="Debug">
				<Option output="bin\Debug\projectna2" prefix_auto="1" extension_auto="1" />
				<Option object_output="obj\Debug\" />
				<Option type="1" />
				<Option compiler="gcc" />
				<Compiler>
					<Add option="-g" />
				</Compiler>
			</Target>
			<Target title="Release">
				<Option output="bin\Release\projectna2" prefix_auto="1" extension_auto="1" />
				<Option object_output="obj\Release\" />
				<Option type="1" />
				<Option compiler="gcc" />
				<Compiler>
					<Add option="-O2" />
				</Compiler>
				<Linker>
					<Add option="-s" />
				</Linker>
			</Target>
		</Build>
		<Compiler>
			<Add option="-Wall" />
			<Add option="-fexceptions" />
		</Compiler>
		<Unit filename="Instruction.cpp" />
		<Unit filename="Instruction.h" />
		<Unit filename="assembler.h" />
		<Unit filename="hashTable.cpp" />
		<Unit filename="hashTable.h" />
		<Unit filename="loader.cpp" />
		<Unit filename="loader.h" />
		<Unit filename="main.cpp" />
		<Unit filename="obcode.cpp" />
		<Unit filename="obcode.h" />
		<Unit filename="parser.cpp" />
		<Unit filename="parser.h" />
		<Unit filename="sicAssembler.cpp" />
		<Unit filename="sicAssembler.h" />
		<Unit filename="sicParser.cpp" />
		<Unit filename="sicParser.h" />
		<Unit filename="sicxeAssembler.cpp" />
		<Unit filename="sicxeAssembler.h" />
		<Unit filename="sicxeObcode.cpp" />
		<Unit filename="sicxeObcode.h">
			<Option target="&lt;{~None~}&gt;" />
		</Unit>
		<Unit filename="sicxeParser.cpp" />
		<Unit filename="sicxeParser.h" />
		<Extensions>
			<code_completion />
			<debugger />
		</Extensions>
	</Project>
</CodeBlocks_project_file>
